// !$*UTF8*$!
{
	archiveVersion = 1;
	classes = {
	};
	objectVersion = 46;
	objects = {

/* Begin PBXBuildFile section */
		501159541593AE0B000A0B81 /* DFN.sqlite in Resources */ = {isa = PBXBuildFile; fileRef = 501159531593AE0B000A0B81 /* DFN.sqlite */; };
		5019C0031572E4AC00880C34 /* User.m in Sources */ = {isa = PBXBuildFile; fileRef = 5019C0021572E4AC00880C34 /* User.m */; };
		506E3F601580084900A355B7 /* logoTaxi.png in Resources */ = {isa = PBXBuildFile; fileRef = 506E3F5F1580084900A355B7 /* logoTaxi.png */; };
		506E3F70158017DE00A355B7 /* 1.png in Resources */ = {isa = PBXBuildFile; fileRef = 506E3F65158017DE00A355B7 /* 1.png */; };
		506E3F71158017DE00A355B7 /* 2.png in Resources */ = {isa = PBXBuildFile; fileRef = 506E3F66158017DE00A355B7 /* 2.png */; };
		506E3F72158017DE00A355B7 /* 3.png in Resources */ = {isa = PBXBuildFile; fileRef = 506E3F67158017DE00A355B7 /* 3.png */; };
		506E3F73158017DE00A355B7 /* 4.png in Resources */ = {isa = PBXBuildFile; fileRef = 506E3F68158017DE00A355B7 /* 4.png */; };
		506E3F74158017DE00A355B7 /* 5.png in Resources */ = {isa = PBXBuildFile; fileRef = 506E3F69158017DE00A355B7 /* 5.png */; };
		506E3F75158017DE00A355B7 /* 6.png in Resources */ = {isa = PBXBuildFile; fileRef = 506E3F6A158017DE00A355B7 /* 6.png */; };
		506E3F76158017DE00A355B7 /* 7.png in Resources */ = {isa = PBXBuildFile; fileRef = 506E3F6B158017DE00A355B7 /* 7.png */; };
		506E3F77158017DE00A355B7 /* 8.png in Resources */ = {isa = PBXBuildFile; fileRef = 506E3F6C158017DE00A355B7 /* 8.png */; };
		506E3F78158017DE00A355B7 /* 9.png in Resources */ = {isa = PBXBuildFile; fileRef = 506E3F6D158017DE00A355B7 /* 9.png */; };
		506E3F79158017DE00A355B7 /* 10.png in Resources */ = {isa = PBXBuildFile; fileRef = 506E3F6E158017DE00A355B7 /* 10.png */; };
		506E3F7A158017DE00A355B7 /* 11.png in Resources */ = {isa = PBXBuildFile; fileRef = 506E3F6F158017DE00A355B7 /* 11.png */; };
		506E3F7E15801B4D00A355B7 /* LectureView.m in Sources */ = {isa = PBXBuildFile; fileRef = 506E3F7C15801B4D00A355B7 /* LectureView.m */; };
		506E3F7F15801B4D00A355B7 /* LectureView.xib in Resources */ = {isa = PBXBuildFile; fileRef = 506E3F7D15801B4D00A355B7 /* LectureView.xib */; };
		5094AE6B158643A9002CC5B6 /* logo_taxi5_270x114.png in Resources */ = {isa = PBXBuildFile; fileRef = 5094AE6A158643A9002CC5B6 /* logo_taxi5_270x114.png */; };
		50AFF20D152E670E00418C3F /* EventForm.m in Sources */ = {isa = PBXBuildFile; fileRef = 50AFF20C152E670E00418C3F /* EventForm.m */; };
		50AFF210152E670E00418C3F /* EventFormType.m in Sources */ = {isa = PBXBuildFile; fileRef = 50AFF20F152E670E00418C3F /* EventFormType.m */; };
		50AFF213152E670F00418C3F /* Update.m in Sources */ = {isa = PBXBuildFile; fileRef = 50AFF212152E670F00418C3F /* Update.m */; };
		50AFF216152E670F00418C3F /* Organisation.m in Sources */ = {isa = PBXBuildFile; fileRef = 50AFF215152E670F00418C3F /* Organisation.m */; };
		50AFF219152E670F00418C3F /* Checksum.m in Sources */ = {isa = PBXBuildFile; fileRef = 50AFF218152E670F00418C3F /* Checksum.m */; };
		50AFF21C152E670F00418C3F /* Place.m in Sources */ = {isa = PBXBuildFile; fileRef = 50AFF21B152E670F00418C3F /* Place.m */; };
		50AFF222152E670F00418C3F /* WatchedEntities.m in Sources */ = {isa = PBXBuildFile; fileRef = 50AFF221152E670F00418C3F /* WatchedEntities.m */; };
		50AFF22B152E673F00418C3F /* DatabaseManager.m in Sources */ = {isa = PBXBuildFile; fileRef = 50AFF22A152E673F00418C3F /* DatabaseManager.m */; };
		50AFF230152E676200418C3F /* DataFetcher.m in Sources */ = {isa = PBXBuildFile; fileRef = 50AFF22D152E676200418C3F /* DataFetcher.m */; };
		50AFF231152E676200418C3F /* Reachability.m in Sources */ = {isa = PBXBuildFile; fileRef = 50AFF22F152E676200418C3F /* Reachability.m */; };
		50AFF237152E680F00418C3F /* SystemConfiguration.framework in Frameworks */ = {isa = PBXBuildFile; fileRef = 50AFF236152E680F00418C3F /* SystemConfiguration.framework */; };
		50AFF23A152E694200418C3F /* Model.xcdatamodeld in Sources */ = {isa = PBXBuildFile; fileRef = 50AFF238152E694200418C3F /* Model.xcdatamodeld */; };
		50B583C9154349F9001BCF06 /* Event.m in Sources */ = {isa = PBXBuildFile; fileRef = 50B583C8154349F9001BCF06 /* Event.m */; };
		50B583CF15434A1A001BCF06 /* EventDate.m in Sources */ = {isa = PBXBuildFile; fileRef = 50B583CE15434A1A001BCF06 /* EventDate.m */; };
		50BAA0691593068500C59FD1 /* search@2x.png in Resources */ = {isa = PBXBuildFile; fileRef = 50BAA0681593068500C59FD1 /* search@2x.png */; };
		50BAA06D159306E500C59FD1 /* eye3@2x.png in Resources */ = {isa = PBXBuildFile; fileRef = 50BAA06B159306E500C59FD1 /* eye3@2x.png */; };
		50BAA06E159306E500C59FD1 /* eye3.png in Resources */ = {isa = PBXBuildFile; fileRef = 50BAA06C159306E500C59FD1 /* eye3.png */; };
		50F16A2C157BD92B00DDE90D /* Category.m in Sources */ = {isa = PBXBuildFile; fileRef = 50F16A2B157BD92B00DDE90D /* Category.m */; };
		50F16A36157BD92B00DDE90D /* Section.m in Sources */ = {isa = PBXBuildFile; fileRef = 50F16A35157BD92B00DDE90D /* Section.m */; };
		50F294DE1514BCEA003CBF8B /* JSONKit.m in Sources */ = {isa = PBXBuildFile; fileRef = 50F294DD1514BCEA003CBF8B /* JSONKit.m */; };
		B5019B291593DA5D00E6DBDC /* Default.png in Resources */ = {isa = PBXBuildFile; fileRef = E848BFE415169703000640A3 /* Default.png */; };
		B5019B2A1593DA5F00E6DBDC /* Default@2x.png in Resources */ = {isa = PBXBuildFile; fileRef = E848BFE2151696FA000640A3 /* Default@2x.png */; };
		B57D6BB214AA480300A4D201 /* UIKit.framework in Frameworks */ = {isa = PBXBuildFile; fileRef = B57D6BB114AA480300A4D201 /* UIKit.framework */; };
		B57D6BB414AA480300A4D201 /* Foundation.framework in Frameworks */ = {isa = PBXBuildFile; fileRef = B57D6BB314AA480300A4D201 /* Foundation.framework */; };
		B57D6BB614AA480300A4D201 /* CoreGraphics.framework in Frameworks */ = {isa = PBXBuildFile; fileRef = B57D6BB514AA480300A4D201 /* CoreGraphics.framework */; };
		B57D6BB814AA480300A4D201 /* CoreData.framework in Frameworks */ = {isa = PBXBuildFile; fileRef = B57D6BB714AA480300A4D201 /* CoreData.framework */; };
		B57D6BBE14AA480300A4D201 /* InfoPlist.strings in Resources */ = {isa = PBXBuildFile; fileRef = B57D6BBC14AA480300A4D201 /* InfoPlist.strings */; };
		B57D6BC014AA480300A4D201 /* main.m in Sources */ = {isa = PBXBuildFile; fileRef = B57D6BBF14AA480300A4D201 /* main.m */; };
		B57D6BC414AA480300A4D201 /* DFNAppDelegate.m in Sources */ = {isa = PBXBuildFile; fileRef = B57D6BC314AA480300A4D201 /* DFNAppDelegate.m */; };
		BF094A7A15151064009F3628 /* MainCategoryListView.m in Sources */ = {isa = PBXBuildFile; fileRef = BF094A7815151064009F3628 /* MainCategoryListView.m */; };
		BF094A7B15151064009F3628 /* MainCategoryListView.xib in Resources */ = {isa = PBXBuildFile; fileRef = BF094A7915151064009F3628 /* MainCategoryListView.xib */; };
		BF094A801515108C009F3628 /* SubCategoryListView.m in Sources */ = {isa = PBXBuildFile; fileRef = BF094A7E1515108B009F3628 /* SubCategoryListView.m */; };
		BF094A811515108C009F3628 /* SubCategoryListView.xib in Resources */ = {isa = PBXBuildFile; fileRef = BF094A7F1515108B009F3628 /* SubCategoryListView.xib */; };
		BF094A86151510B5009F3628 /* LecturesListView.m in Sources */ = {isa = PBXBuildFile; fileRef = BF094A84151510B5009F3628 /* LecturesListView.m */; };
		BF094A87151510B5009F3628 /* LecturesListView.xib in Resources */ = {isa = PBXBuildFile; fileRef = BF094A85151510B5009F3628 /* LecturesListView.xib */; };
		BFA3487A1533428800D0EBEE /* AboutUsView.m in Sources */ = {isa = PBXBuildFile; fileRef = BFA348781533428800D0EBEE /* AboutUsView.m */; };
		BFA3487B1533428800D0EBEE /* AboutUsView.xib in Resources */ = {isa = PBXBuildFile; fileRef = BFA348791533428800D0EBEE /* AboutUsView.xib */; };
		CE7FFEBA15605EBD00BC13EC /* LectureRecordView.xib in Resources */ = {isa = PBXBuildFile; fileRef = CE7FFEB915605EBD00BC13EC /* LectureRecordView.xib */; };
		CE7FFEC01560667A00BC13EC /* MessageUI.framework in Frameworks */ = {isa = PBXBuildFile; fileRef = CE7FFEBF1560667A00BC13EC /* MessageUI.framework */; };
		CE9393211563F598005F216A /* imiona.csv in Resources */ = {isa = PBXBuildFile; fileRef = CE9393201563F598005F216A /* imiona.csv */; };
		DBED5CD2158697A400321265 /* SubscriptionMaker.m in Sources */ = {isa = PBXBuildFile; fileRef = DBED5CCE158697A400321265 /* SubscriptionMaker.m */; };
		DBED5CD3158697A400321265 /* LectureRecordView.m in Sources */ = {isa = PBXBuildFile; fileRef = DBED5CD0158697A400321265 /* LectureRecordView.m */; };
		E845B31215543AB700485C36 /* DescriptionView.m in Sources */ = {isa = PBXBuildFile; fileRef = E845B31015543AB700485C36 /* DescriptionView.m */; };
		E845B31315543AB700485C36 /* DescriptionView.xib in Resources */ = {isa = PBXBuildFile; fileRef = E845B31115543AB700485C36 /* DescriptionView.xib */; };
		E848BFCA15167672000640A3 /* logo2.png in Resources */ = {isa = PBXBuildFile; fileRef = E848BFC815167672000640A3 /* logo2.png */; };
		E848BFCB15167672000640A3 /* logo2@2x.png in Resources */ = {isa = PBXBuildFile; fileRef = E848BFC915167672000640A3 /* logo2@2x.png */; };
		E848BFCE15167BCE000640A3 /* background.png in Resources */ = {isa = PBXBuildFile; fileRef = E848BFCC15167BCE000640A3 /* background.png */; };
		E848BFCF15167BCE000640A3 /* background@2x.png in Resources */ = {isa = PBXBuildFile; fileRef = E848BFCD15167BCE000640A3 /* background@2x.png */; };
		E848BFD21516819D000640A3 /* button1.png in Resources */ = {isa = PBXBuildFile; fileRef = E848BFD01516819D000640A3 /* button1.png */; };
		E848BFD31516819D000640A3 /* button1@2x.png in Resources */ = {isa = PBXBuildFile; fileRef = E848BFD11516819D000640A3 /* button1@2x.png */; };
		E848BFD6151683C3000640A3 /* buttonSignIn.png in Resources */ = {isa = PBXBuildFile; fileRef = E848BFD4151683C3000640A3 /* buttonSignIn.png */; };
		E848BFD7151683C3000640A3 /* buttonSignIn@2x.png in Resources */ = {isa = PBXBuildFile; fileRef = E848BFD5151683C3000640A3 /* buttonSignIn@2x.png */; };
		E848BFD915168A2B000640A3 /* QuartzCore.framework in Frameworks */ = {isa = PBXBuildFile; fileRef = E848BFD815168A2B000640A3 /* QuartzCore.framework */; };
		E848BFDE151696E2000640A3 /* dfnLogo.png in Resources */ = {isa = PBXBuildFile; fileRef = E848BFDA151696E2000640A3 /* dfnLogo.png */; };
		E848BFDF151696E2000640A3 /* dfnLogo@2x.png in Resources */ = {isa = PBXBuildFile; fileRef = E848BFDB151696E2000640A3 /* dfnLogo@2x.png */; };
		E84B5E6815477276006E4227 /* PickDateView.m in Sources */ = {isa = PBXBuildFile; fileRef = E84B5E6315477276006E4227 /* PickDateView.m */; };
		E84B5E6915477276006E4227 /* PickDateView.xib in Resources */ = {isa = PBXBuildFile; fileRef = E84B5E6415477276006E4227 /* PickDateView.xib */; };
		E84B5E6A15477276006E4227 /* SimpleSearchView.m in Sources */ = {isa = PBXBuildFile; fileRef = E84B5E6615477276006E4227 /* SimpleSearchView.m */; };
		E84B5E6B15477276006E4227 /* SimpleSearchView.xib in Resources */ = {isa = PBXBuildFile; fileRef = E84B5E6715477276006E4227 /* SimpleSearchView.xib */; };
		E8554AF815262069000655FC /* EventKit.framework in Frameworks */ = {isa = PBXBuildFile; fileRef = E8554AF715262068000655FC /* EventKit.framework */; };
		E87552D9151E248B0009F89E /* search.png in Resources */ = {isa = PBXBuildFile; fileRef = E87552D7151E248B0009F89E /* search.png */; };
		E875C2D01531DD2E0077C0E8 /* changed.png in Resources */ = {isa = PBXBuildFile; fileRef = E875C2CE1531DD2D0077C0E8 /* changed.png */; };
		E875C2D11531DD2E0077C0E8 /* changed@2x.png in Resources */ = {isa = PBXBuildFile; fileRef = E875C2CF1531DD2D0077C0E8 /* changed@2x.png */; };
		E875C2D51531E1910077C0E8 /* info.png in Resources */ = {isa = PBXBuildFile; fileRef = E875C2D31531E1910077C0E8 /* info.png */; };
		E875C2D61531E1910077C0E8 /* info@2x.png in Resources */ = {isa = PBXBuildFile; fileRef = E875C2D41531E1910077C0E8 /* info@2x.png */; };
		E882996B1525D0410067B941 /* LoadingView.m in Sources */ = {isa = PBXBuildFile; fileRef = E88299691525D0410067B941 /* LoadingView.m */; };
		E882996C1525D0410067B941 /* LoadingView.xib in Resources */ = {isa = PBXBuildFile; fileRef = E882996A1525D0410067B941 /* LoadingView.xib */; };
		E88299701525EB090067B941 /* Icon.png in Resources */ = {isa = PBXBuildFile; fileRef = E882996F1525EB090067B941 /* Icon.png */; };
		E88299721525EB100067B941 /* Icon@2x.png in Resources */ = {isa = PBXBuildFile; fileRef = E88299711525EB100067B941 /* Icon@2x.png */; };
		E8A1D71F1530C5250091DC5A /* WatchedView.m in Sources */ = {isa = PBXBuildFile; fileRef = E8A1D71D1530C5250091DC5A /* WatchedView.m */; };
		E8A1D7201530C5250091DC5A /* WatchedView.xib in Resources */ = {isa = PBXBuildFile; fileRef = E8A1D71E1530C5250091DC5A /* WatchedView.xib */; };
		E8A3EEA31541DB5500596388 /* mail.png in Resources */ = {isa = PBXBuildFile; fileRef = E8A3EE9F1541DB5500596388 /* mail.png */; };
		E8A3EEA41541DB5500596388 /* mail@2x.png in Resources */ = {isa = PBXBuildFile; fileRef = E8A3EEA01541DB5500596388 /* mail@2x.png */; };
		E8A3EEA51541DB5500596388 /* phone.png in Resources */ = {isa = PBXBuildFile; fileRef = E8A3EEA11541DB5500596388 /* phone.png */; };
		E8A3EEA61541DB5500596388 /* phone@2x.png in Resources */ = {isa = PBXBuildFile; fileRef = E8A3EEA21541DB5500596388 /* phone@2x.png */; };
		E8A3EEAB1541DF7600596388 /* SignInView.m in Sources */ = {isa = PBXBuildFile; fileRef = E8A3EEA91541DF7600596388 /* SignInView.m */; };
		E8A3EEAC1541DF7600596388 /* SignInView.xib in Resources */ = {isa = PBXBuildFile; fileRef = E8A3EEAA1541DF7600596388 /* SignInView.xib */; };
/* End PBXBuildFile section */

/* Begin PBXFileReference section */
		501159531593AE0B000A0B81 /* DFN.sqlite */ = {isa = PBXFileReference; lastKnownFileType = file; path = DFN.sqlite; sourceTree = "<group>"; };
		5019C0011572E4AC00880C34 /* User.h */ = {isa = PBXFileReference; fileEncoding = 4; lastKnownFileType = sourcecode.c.h; path = User.h; sourceTree = "<group>"; };
		5019C0021572E4AC00880C34 /* User.m */ = {isa = PBXFileReference; fileEncoding = 4; lastKnownFileType = sourcecode.c.objc; path = User.m; sourceTree = "<group>"; };
		506E3F5F1580084900A355B7 /* logoTaxi.png */ = {isa = PBXFileReference; lastKnownFileType = image.png; name = logoTaxi.png; path = ../logoTaxi.png; sourceTree = "<group>"; };
		506E3F65158017DE00A355B7 /* 1.png */ = {isa = PBXFileReference; lastKnownFileType = image.png; path = 1.png; sourceTree = "<group>"; };
		506E3F66158017DE00A355B7 /* 2.png */ = {isa = PBXFileReference; lastKnownFileType = image.png; path = 2.png; sourceTree = "<group>"; };
		506E3F67158017DE00A355B7 /* 3.png */ = {isa = PBXFileReference; lastKnownFileType = image.png; path = 3.png; sourceTree = "<group>"; };
		506E3F68158017DE00A355B7 /* 4.png */ = {isa = PBXFileReference; lastKnownFileType = image.png; path = 4.png; sourceTree = "<group>"; };
		506E3F69158017DE00A355B7 /* 5.png */ = {isa = PBXFileReference; lastKnownFileType = image.png; path = 5.png; sourceTree = "<group>"; };
		506E3F6A158017DE00A355B7 /* 6.png */ = {isa = PBXFileReference; lastKnownFileType = image.png; path = 6.png; sourceTree = "<group>"; };
		506E3F6B158017DE00A355B7 /* 7.png */ = {isa = PBXFileReference; lastKnownFileType = image.png; path = 7.png; sourceTree = "<group>"; };
		506E3F6C158017DE00A355B7 /* 8.png */ = {isa = PBXFileReference; lastKnownFileType = image.png; path = 8.png; sourceTree = "<group>"; };
		506E3F6D158017DE00A355B7 /* 9.png */ = {isa = PBXFileReference; lastKnownFileType = image.png; path = 9.png; sourceTree = "<group>"; };
		506E3F6E158017DE00A355B7 /* 10.png */ = {isa = PBXFileReference; lastKnownFileType = image.png; path = 10.png; sourceTree = "<group>"; };
		506E3F6F158017DE00A355B7 /* 11.png */ = {isa = PBXFileReference; lastKnownFileType = image.png; path = 11.png; sourceTree = "<group>"; };
		506E3F7B15801B4D00A355B7 /* LectureView.h */ = {isa = PBXFileReference; fileEncoding = 4; lastKnownFileType = sourcecode.c.h; path = LectureView.h; sourceTree = "<group>"; };
		506E3F7C15801B4D00A355B7 /* LectureView.m */ = {isa = PBXFileReference; fileEncoding = 4; lastKnownFileType = sourcecode.c.objc; lineEnding = 0; path = LectureView.m; sourceTree = "<group>"; xcLanguageSpecificationIdentifier = xcode.lang.objc; };
		506E3F7D15801B4D00A355B7 /* LectureView.xib */ = {isa = PBXFileReference; fileEncoding = 4; lastKnownFileType = file.xib; path = LectureView.xib; sourceTree = "<group>"; };
		5094AE6A158643A9002CC5B6 /* logo_taxi5_270x114.png */ = {isa = PBXFileReference; lastKnownFileType = image.png; name = logo_taxi5_270x114.png; path = ../logo_taxi5_270x114.png; sourceTree = "<group>"; };
		50AFF20B152E670E00418C3F /* EventForm.h */ = {isa = PBXFileReference; fileEncoding = 4; lastKnownFileType = sourcecode.c.h; path = EventForm.h; sourceTree = "<group>"; };
		50AFF20C152E670E00418C3F /* EventForm.m */ = {isa = PBXFileReference; fileEncoding = 4; lastKnownFileType = sourcecode.c.objc; path = EventForm.m; sourceTree = "<group>"; };
		50AFF20E152E670E00418C3F /* EventFormType.h */ = {isa = PBXFileReference; fileEncoding = 4; lastKnownFileType = sourcecode.c.h; path = EventFormType.h; sourceTree = "<group>"; };
		50AFF20F152E670E00418C3F /* EventFormType.m */ = {isa = PBXFileReference; fileEncoding = 4; lastKnownFileType = sourcecode.c.objc; path = EventFormType.m; sourceTree = "<group>"; };
		50AFF211152E670F00418C3F /* Update.h */ = {isa = PBXFileReference; fileEncoding = 4; lastKnownFileType = sourcecode.c.h; path = Update.h; sourceTree = "<group>"; };
		50AFF212152E670F00418C3F /* Update.m */ = {isa = PBXFileReference; fileEncoding = 4; lastKnownFileType = sourcecode.c.objc; path = Update.m; sourceTree = "<group>"; };
		50AFF214152E670F00418C3F /* Organisation.h */ = {isa = PBXFileReference; fileEncoding = 4; lastKnownFileType = sourcecode.c.h; path = Organisation.h; sourceTree = "<group>"; };
		50AFF215152E670F00418C3F /* Organisation.m */ = {isa = PBXFileReference; fileEncoding = 4; lastKnownFileType = sourcecode.c.objc; path = Organisation.m; sourceTree = "<group>"; };
		50AFF217152E670F00418C3F /* Checksum.h */ = {isa = PBXFileReference; fileEncoding = 4; lastKnownFileType = sourcecode.c.h; path = Checksum.h; sourceTree = "<group>"; };
		50AFF218152E670F00418C3F /* Checksum.m */ = {isa = PBXFileReference; fileEncoding = 4; lastKnownFileType = sourcecode.c.objc; path = Checksum.m; sourceTree = "<group>"; };
		50AFF21A152E670F00418C3F /* Place.h */ = {isa = PBXFileReference; fileEncoding = 4; lastKnownFileType = sourcecode.c.h; path = Place.h; sourceTree = "<group>"; };
		50AFF21B152E670F00418C3F /* Place.m */ = {isa = PBXFileReference; fileEncoding = 4; lastKnownFileType = sourcecode.c.objc; path = Place.m; sourceTree = "<group>"; };
		50AFF220152E670F00418C3F /* WatchedEntities.h */ = {isa = PBXFileReference; fileEncoding = 4; lastKnownFileType = sourcecode.c.h; path = WatchedEntities.h; sourceTree = "<group>"; };
		50AFF221152E670F00418C3F /* WatchedEntities.m */ = {isa = PBXFileReference; fileEncoding = 4; lastKnownFileType = sourcecode.c.objc; path = WatchedEntities.m; sourceTree = "<group>"; };
		50AFF229152E673F00418C3F /* DatabaseManager.h */ = {isa = PBXFileReference; fileEncoding = 4; lastKnownFileType = sourcecode.c.h; path = DatabaseManager.h; sourceTree = "<group>"; };
		50AFF22A152E673F00418C3F /* DatabaseManager.m */ = {isa = PBXFileReference; fileEncoding = 4; lastKnownFileType = sourcecode.c.objc; lineEnding = 0; path = DatabaseManager.m; sourceTree = "<group>"; xcLanguageSpecificationIdentifier = xcode.lang.objc; };
		50AFF22C152E676200418C3F /* DataFetcher.h */ = {isa = PBXFileReference; fileEncoding = 4; lastKnownFileType = sourcecode.c.h; path = DataFetcher.h; sourceTree = "<group>"; };
		50AFF22D152E676200418C3F /* DataFetcher.m */ = {isa = PBXFileReference; fileEncoding = 4; lastKnownFileType = sourcecode.c.objc; lineEnding = 0; path = DataFetcher.m; sourceTree = "<group>"; xcLanguageSpecificationIdentifier = xcode.lang.objc; };
		50AFF22E152E676200418C3F /* Reachability.h */ = {isa = PBXFileReference; fileEncoding = 4; lastKnownFileType = sourcecode.c.h; path = Reachability.h; sourceTree = "<group>"; };
		50AFF22F152E676200418C3F /* Reachability.m */ = {isa = PBXFileReference; fileEncoding = 4; lastKnownFileType = sourcecode.c.objc; lineEnding = 0; path = Reachability.m; sourceTree = "<group>"; xcLanguageSpecificationIdentifier = xcode.lang.objc; };
		50AFF236152E680F00418C3F /* SystemConfiguration.framework */ = {isa = PBXFileReference; lastKnownFileType = wrapper.framework; path = SystemConfiguration.framework; sourceTree = "<group>"; };
		50AFF239152E694200418C3F /* Model.xcdatamodel */ = {isa = PBXFileReference; lastKnownFileType = wrapper.xcdatamodel; path = Model.xcdatamodel; sourceTree = "<group>"; };
		50B583C7154349F9001BCF06 /* Event.h */ = {isa = PBXFileReference; fileEncoding = 4; lastKnownFileType = sourcecode.c.h; path = Event.h; sourceTree = "<group>"; };
		50B583C8154349F9001BCF06 /* Event.m */ = {isa = PBXFileReference; fileEncoding = 4; lastKnownFileType = sourcecode.c.objc; path = Event.m; sourceTree = "<group>"; };
		50B583CD15434A1A001BCF06 /* EventDate.h */ = {isa = PBXFileReference; fileEncoding = 4; lastKnownFileType = sourcecode.c.h; path = EventDate.h; sourceTree = "<group>"; };
		50B583CE15434A1A001BCF06 /* EventDate.m */ = {isa = PBXFileReference; fileEncoding = 4; lastKnownFileType = sourcecode.c.objc; path = EventDate.m; sourceTree = "<group>"; };
		50BAA0681593068500C59FD1 /* search@2x.png */ = {isa = PBXFileReference; lastKnownFileType = image.png; path = "search@2x.png"; sourceTree = "<group>"; };
		50BAA06B159306E500C59FD1 /* eye3@2x.png */ = {isa = PBXFileReference; lastKnownFileType = image.png; path = "eye3@2x.png"; sourceTree = "<group>"; };
		50BAA06C159306E500C59FD1 /* eye3.png */ = {isa = PBXFileReference; lastKnownFileType = image.png; path = eye3.png; sourceTree = "<group>"; };
		50F16A2A157BD92B00DDE90D /* Category.h */ = {isa = PBXFileReference; fileEncoding = 4; lastKnownFileType = sourcecode.c.h; path = Category.h; sourceTree = "<group>"; };
		50F16A2B157BD92B00DDE90D /* Category.m */ = {isa = PBXFileReference; fileEncoding = 4; lastKnownFileType = sourcecode.c.objc; path = Category.m; sourceTree = "<group>"; };
		50F16A34157BD92B00DDE90D /* Section.h */ = {isa = PBXFileReference; fileEncoding = 4; lastKnownFileType = sourcecode.c.h; path = Section.h; sourceTree = "<group>"; };
		50F16A35157BD92B00DDE90D /* Section.m */ = {isa = PBXFileReference; fileEncoding = 4; lastKnownFileType = sourcecode.c.objc; path = Section.m; sourceTree = "<group>"; };
		50F294DC1514BCEA003CBF8B /* JSONKit.h */ = {isa = PBXFileReference; fileEncoding = 4; lastKnownFileType = sourcecode.c.h; path = JSONKit.h; sourceTree = "<group>"; };
		50F294DD1514BCEA003CBF8B /* JSONKit.m */ = {isa = PBXFileReference; fileEncoding = 4; lastKnownFileType = sourcecode.c.objc; path = JSONKit.m; sourceTree = "<group>"; };
		B57D6BAD14AA480300A4D201 /* DFN.app */ = {isa = PBXFileReference; explicitFileType = wrapper.application; includeInIndex = 0; path = DFN.app; sourceTree = BUILT_PRODUCTS_DIR; };
		B57D6BB114AA480300A4D201 /* UIKit.framework */ = {isa = PBXFileReference; lastKnownFileType = wrapper.framework; name = UIKit.framework; path = System/Library/Frameworks/UIKit.framework; sourceTree = SDKROOT; };
		B57D6BB314AA480300A4D201 /* Foundation.framework */ = {isa = PBXFileReference; lastKnownFileType = wrapper.framework; name = Foundation.framework; path = System/Library/Frameworks/Foundation.framework; sourceTree = SDKROOT; };
		B57D6BB514AA480300A4D201 /* CoreGraphics.framework */ = {isa = PBXFileReference; lastKnownFileType = wrapper.framework; name = CoreGraphics.framework; path = System/Library/Frameworks/CoreGraphics.framework; sourceTree = SDKROOT; };
		B57D6BB714AA480300A4D201 /* CoreData.framework */ = {isa = PBXFileReference; lastKnownFileType = wrapper.framework; name = CoreData.framework; path = System/Library/Frameworks/CoreData.framework; sourceTree = SDKROOT; };
		B57D6BBB14AA480300A4D201 /* DFN-Info.plist */ = {isa = PBXFileReference; lastKnownFileType = text.plist.xml; path = "DFN-Info.plist"; sourceTree = "<group>"; };
		B57D6BBD14AA480300A4D201 /* en */ = {isa = PBXFileReference; lastKnownFileType = text.plist.strings; name = en; path = en.lproj/InfoPlist.strings; sourceTree = "<group>"; };
		B57D6BBF14AA480300A4D201 /* main.m */ = {isa = PBXFileReference; lastKnownFileType = sourcecode.c.objc; path = main.m; sourceTree = "<group>"; };
		B57D6BC114AA480300A4D201 /* DFN-Prefix.pch */ = {isa = PBXFileReference; lastKnownFileType = sourcecode.c.h; path = "DFN-Prefix.pch"; sourceTree = "<group>"; };
		B57D6BC214AA480300A4D201 /* DFNAppDelegate.h */ = {isa = PBXFileReference; lastKnownFileType = sourcecode.c.h; path = DFNAppDelegate.h; sourceTree = "<group>"; };
		B57D6BC314AA480300A4D201 /* DFNAppDelegate.m */ = {isa = PBXFileReference; lastKnownFileType = sourcecode.c.objc; lineEnding = 0; path = DFNAppDelegate.m; sourceTree = "<group>"; xcLanguageSpecificationIdentifier = xcode.lang.objc; };
		BF094A7715151064009F3628 /* MainCategoryListView.h */ = {isa = PBXFileReference; fileEncoding = 4; lastKnownFileType = sourcecode.c.h; path = MainCategoryListView.h; sourceTree = "<group>"; };
		BF094A7815151064009F3628 /* MainCategoryListView.m */ = {isa = PBXFileReference; fileEncoding = 4; lastKnownFileType = sourcecode.c.objc; path = MainCategoryListView.m; sourceTree = "<group>"; };
		BF094A7915151064009F3628 /* MainCategoryListView.xib */ = {isa = PBXFileReference; fileEncoding = 4; lastKnownFileType = file.xib; path = MainCategoryListView.xib; sourceTree = "<group>"; };
		BF094A7D1515108B009F3628 /* SubCategoryListView.h */ = {isa = PBXFileReference; fileEncoding = 4; lastKnownFileType = sourcecode.c.h; path = SubCategoryListView.h; sourceTree = "<group>"; };
		BF094A7E1515108B009F3628 /* SubCategoryListView.m */ = {isa = PBXFileReference; fileEncoding = 4; lastKnownFileType = sourcecode.c.objc; path = SubCategoryListView.m; sourceTree = "<group>"; };
		BF094A7F1515108B009F3628 /* SubCategoryListView.xib */ = {isa = PBXFileReference; fileEncoding = 4; lastKnownFileType = file.xib; path = SubCategoryListView.xib; sourceTree = "<group>"; };
		BF094A83151510B5009F3628 /* LecturesListView.h */ = {isa = PBXFileReference; fileEncoding = 4; lastKnownFileType = sourcecode.c.h; path = LecturesListView.h; sourceTree = "<group>"; };
		BF094A84151510B5009F3628 /* LecturesListView.m */ = {isa = PBXFileReference; fileEncoding = 4; lastKnownFileType = sourcecode.c.objc; path = LecturesListView.m; sourceTree = "<group>"; };
		BF094A85151510B5009F3628 /* LecturesListView.xib */ = {isa = PBXFileReference; fileEncoding = 4; lastKnownFileType = file.xib; path = LecturesListView.xib; sourceTree = "<group>"; };
		BFA348771533428800D0EBEE /* AboutUsView.h */ = {isa = PBXFileReference; fileEncoding = 4; lastKnownFileType = sourcecode.c.h; path = AboutUsView.h; sourceTree = "<group>"; };
		BFA348781533428800D0EBEE /* AboutUsView.m */ = {isa = PBXFileReference; fileEncoding = 4; lastKnownFileType = sourcecode.c.objc; path = AboutUsView.m; sourceTree = "<group>"; };
		BFA348791533428800D0EBEE /* AboutUsView.xib */ = {isa = PBXFileReference; fileEncoding = 4; lastKnownFileType = file.xib; path = AboutUsView.xib; sourceTree = "<group>"; };
		CE7FFEB915605EBD00BC13EC /* LectureRecordView.xib */ = {isa = PBXFileReference; fileEncoding = 4; lastKnownFileType = file.xib; path = LectureRecordView.xib; sourceTree = "<group>"; };
		CE7FFEBF1560667A00BC13EC /* MessageUI.framework */ = {isa = PBXFileReference; lastKnownFileType = wrapper.framework; name = MessageUI.framework; path = System/Library/Frameworks/MessageUI.framework; sourceTree = SDKROOT; };
		CE9393201563F598005F216A /* imiona.csv */ = {isa = PBXFileReference; fileEncoding = 4; lastKnownFileType = text; name = imiona.csv; path = ../imiona.csv; sourceTree = "<group>"; };
		DBED5CCE158697A400321265 /* SubscriptionMaker.m */ = {isa = PBXFileReference; fileEncoding = 4; lastKnownFileType = sourcecode.c.objc; lineEnding = 0; path = SubscriptionMaker.m; sourceTree = "<group>"; xcLanguageSpecificationIdentifier = xcode.lang.objc; };
		DBED5CCF158697A400321265 /* SubscriptionMaker.h */ = {isa = PBXFileReference; fileEncoding = 4; lastKnownFileType = sourcecode.c.h; path = SubscriptionMaker.h; sourceTree = "<group>"; };
		DBED5CD0158697A400321265 /* LectureRecordView.m */ = {isa = PBXFileReference; fileEncoding = 4; lastKnownFileType = sourcecode.c.objc; path = LectureRecordView.m; sourceTree = "<group>"; };
		DBED5CD1158697A400321265 /* LectureRecordView.h */ = {isa = PBXFileReference; fileEncoding = 4; lastKnownFileType = sourcecode.c.h; path = LectureRecordView.h; sourceTree = "<group>"; };
		E845B30F15543AB600485C36 /* DescriptionView.h */ = {isa = PBXFileReference; fileEncoding = 4; lastKnownFileType = sourcecode.c.h; path = DescriptionView.h; sourceTree = "<group>"; };
		E845B31015543AB700485C36 /* DescriptionView.m */ = {isa = PBXFileReference; fileEncoding = 4; lastKnownFileType = sourcecode.c.objc; path = DescriptionView.m; sourceTree = "<group>"; };
		E845B31115543AB700485C36 /* DescriptionView.xib */ = {isa = PBXFileReference; fileEncoding = 4; lastKnownFileType = file.xib; path = DescriptionView.xib; sourceTree = "<group>"; };
		E848BFC815167672000640A3 /* logo2.png */ = {isa = PBXFileReference; lastKnownFileType = image.png; path = logo2.png; sourceTree = "<group>"; };
		E848BFC915167672000640A3 /* logo2@2x.png */ = {isa = PBXFileReference; lastKnownFileType = image.png; path = "logo2@2x.png"; sourceTree = "<group>"; };
		E848BFCC15167BCE000640A3 /* background.png */ = {isa = PBXFileReference; lastKnownFileType = image.png; path = background.png; sourceTree = "<group>"; };
		E848BFCD15167BCE000640A3 /* background@2x.png */ = {isa = PBXFileReference; lastKnownFileType = image.png; path = "background@2x.png"; sourceTree = "<group>"; };
		E848BFD01516819D000640A3 /* button1.png */ = {isa = PBXFileReference; lastKnownFileType = image.png; path = button1.png; sourceTree = "<group>"; };
		E848BFD11516819D000640A3 /* button1@2x.png */ = {isa = PBXFileReference; lastKnownFileType = image.png; path = "button1@2x.png"; sourceTree = "<group>"; };
		E848BFD4151683C3000640A3 /* buttonSignIn.png */ = {isa = PBXFileReference; lastKnownFileType = image.png; path = buttonSignIn.png; sourceTree = "<group>"; };
		E848BFD5151683C3000640A3 /* buttonSignIn@2x.png */ = {isa = PBXFileReference; lastKnownFileType = image.png; path = "buttonSignIn@2x.png"; sourceTree = "<group>"; };
		E848BFD815168A2B000640A3 /* QuartzCore.framework */ = {isa = PBXFileReference; lastKnownFileType = wrapper.framework; name = QuartzCore.framework; path = System/Library/Frameworks/QuartzCore.framework; sourceTree = SDKROOT; };
		E848BFDA151696E2000640A3 /* dfnLogo.png */ = {isa = PBXFileReference; lastKnownFileType = image.png; path = dfnLogo.png; sourceTree = "<group>"; };
		E848BFDB151696E2000640A3 /* dfnLogo@2x.png */ = {isa = PBXFileReference; lastKnownFileType = image.png; path = "dfnLogo@2x.png"; sourceTree = "<group>"; };
		E848BFE2151696FA000640A3 /* Default@2x.png */ = {isa = PBXFileReference; lastKnownFileType = image.png; name = "Default@2x.png"; path = "../../Default@2x.png"; sourceTree = "<group>"; };
		E848BFE415169703000640A3 /* Default.png */ = {isa = PBXFileReference; lastKnownFileType = image.png; name = Default.png; path = ../../Default.png; sourceTree = "<group>"; };
		E84B5E6215477276006E4227 /* PickDateView.h */ = {isa = PBXFileReference; fileEncoding = 4; lastKnownFileType = sourcecode.c.h; path = PickDateView.h; sourceTree = "<group>"; };
		E84B5E6315477276006E4227 /* PickDateView.m */ = {isa = PBXFileReference; fileEncoding = 4; lastKnownFileType = sourcecode.c.objc; path = PickDateView.m; sourceTree = "<group>"; };
		E84B5E6415477276006E4227 /* PickDateView.xib */ = {isa = PBXFileReference; fileEncoding = 4; lastKnownFileType = file.xib; path = PickDateView.xib; sourceTree = "<group>"; };
		E84B5E6515477276006E4227 /* SimpleSearchView.h */ = {isa = PBXFileReference; fileEncoding = 4; lastKnownFileType = sourcecode.c.h; path = SimpleSearchView.h; sourceTree = "<group>"; };
		E84B5E6615477276006E4227 /* SimpleSearchView.m */ = {isa = PBXFileReference; fileEncoding = 4; lastKnownFileType = sourcecode.c.objc; lineEnding = 0; path = SimpleSearchView.m; sourceTree = "<group>"; xcLanguageSpecificationIdentifier = xcode.lang.objc; };
		E84B5E6715477276006E4227 /* SimpleSearchView.xib */ = {isa = PBXFileReference; fileEncoding = 4; lastKnownFileType = file.xib; path = SimpleSearchView.xib; sourceTree = "<group>"; };
		E8554AF715262068000655FC /* EventKit.framework */ = {isa = PBXFileReference; lastKnownFileType = wrapper.framework; name = EventKit.framework; path = System/Library/Frameworks/EventKit.framework; sourceTree = SDKROOT; };
		E87552D7151E248B0009F89E /* search.png */ = {isa = PBXFileReference; lastKnownFileType = image.png; path = search.png; sourceTree = "<group>"; };
		E87552E1151E2AD40009F89E /* MapKit.framework */ = {isa = PBXFileReference; lastKnownFileType = wrapper.framework; name = MapKit.framework; path = System/Library/Frameworks/MapKit.framework; sourceTree = SDKROOT; };
		E875C2CE1531DD2D0077C0E8 /* changed.png */ = {isa = PBXFileReference; lastKnownFileType = image.png; path = changed.png; sourceTree = "<group>"; };
		E875C2CF1531DD2D0077C0E8 /* changed@2x.png */ = {isa = PBXFileReference; lastKnownFileType = image.png; path = "changed@2x.png"; sourceTree = "<group>"; };
		E875C2D31531E1910077C0E8 /* info.png */ = {isa = PBXFileReference; lastKnownFileType = image.png; path = info.png; sourceTree = "<group>"; };
		E875C2D41531E1910077C0E8 /* info@2x.png */ = {isa = PBXFileReference; lastKnownFileType = image.png; path = "info@2x.png"; sourceTree = "<group>"; };
		E88299681525D0410067B941 /* LoadingView.h */ = {isa = PBXFileReference; fileEncoding = 4; lastKnownFileType = sourcecode.c.h; path = LoadingView.h; sourceTree = "<group>"; };
		E88299691525D0410067B941 /* LoadingView.m */ = {isa = PBXFileReference; fileEncoding = 4; lastKnownFileType = sourcecode.c.objc; path = LoadingView.m; sourceTree = "<group>"; };
		E882996A1525D0410067B941 /* LoadingView.xib */ = {isa = PBXFileReference; fileEncoding = 4; lastKnownFileType = file.xib; path = LoadingView.xib; sourceTree = "<group>"; };
		E882996F1525EB090067B941 /* Icon.png */ = {isa = PBXFileReference; lastKnownFileType = image.png; name = Icon.png; path = ../Icon.png; sourceTree = "<group>"; };
		E88299711525EB100067B941 /* Icon@2x.png */ = {isa = PBXFileReference; lastKnownFileType = image.png; name = "Icon@2x.png"; path = "../Icon@2x.png"; sourceTree = "<group>"; };
		E8A1D71C1530C5250091DC5A /* WatchedView.h */ = {isa = PBXFileReference; fileEncoding = 4; lastKnownFileType = sourcecode.c.h; path = WatchedView.h; sourceTree = "<group>"; };
		E8A1D71D1530C5250091DC5A /* WatchedView.m */ = {isa = PBXFileReference; fileEncoding = 4; lastKnownFileType = sourcecode.c.objc; path = WatchedView.m; sourceTree = "<group>"; };
		E8A1D71E1530C5250091DC5A /* WatchedView.xib */ = {isa = PBXFileReference; fileEncoding = 4; lastKnownFileType = file.xib; path = WatchedView.xib; sourceTree = "<group>"; };
		E8A3EE9F1541DB5500596388 /* mail.png */ = {isa = PBXFileReference; lastKnownFileType = image.png; path = mail.png; sourceTree = "<group>"; };
		E8A3EEA01541DB5500596388 /* mail@2x.png */ = {isa = PBXFileReference; lastKnownFileType = image.png; path = "mail@2x.png"; sourceTree = "<group>"; };
		E8A3EEA11541DB5500596388 /* phone.png */ = {isa = PBXFileReference; lastKnownFileType = image.png; path = phone.png; sourceTree = "<group>"; };
		E8A3EEA21541DB5500596388 /* phone@2x.png */ = {isa = PBXFileReference; lastKnownFileType = image.png; path = "phone@2x.png"; sourceTree = "<group>"; };
		E8A3EEA81541DF7600596388 /* SignInView.h */ = {isa = PBXFileReference; fileEncoding = 4; lastKnownFileType = sourcecode.c.h; path = SignInView.h; sourceTree = "<group>"; };
		E8A3EEA91541DF7600596388 /* SignInView.m */ = {isa = PBXFileReference; fileEncoding = 4; lastKnownFileType = sourcecode.c.objc; lineEnding = 0; path = SignInView.m; sourceTree = "<group>"; xcLanguageSpecificationIdentifier = xcode.lang.objc; };
		E8A3EEAA1541DF7600596388 /* SignInView.xib */ = {isa = PBXFileReference; fileEncoding = 4; lastKnownFileType = file.xib; path = SignInView.xib; sourceTree = "<group>"; };
/* End PBXFileReference section */

/* Begin PBXFrameworksBuildPhase section */
		B57D6BAA14AA480300A4D201 /* Frameworks */ = {
			isa = PBXFrameworksBuildPhase;
			buildActionMask = 2147483647;
			files = (
				CE7FFEC01560667A00BC13EC /* MessageUI.framework in Frameworks */,
				E8554AF815262069000655FC /* EventKit.framework in Frameworks */,
				E848BFD915168A2B000640A3 /* QuartzCore.framework in Frameworks */,
				B57D6BB214AA480300A4D201 /* UIKit.framework in Frameworks */,
				B57D6BB414AA480300A4D201 /* Foundation.framework in Frameworks */,
				B57D6BB614AA480300A4D201 /* CoreGraphics.framework in Frameworks */,
				B57D6BB814AA480300A4D201 /* CoreData.framework in Frameworks */,
				50AFF237152E680F00418C3F /* SystemConfiguration.framework in Frameworks */,
			);
			runOnlyForDeploymentPostprocessing = 0;
		};
/* End PBXFrameworksBuildPhase section */

/* Begin PBXGroup section */
		502C2ECE14DB460600EB8E34 /* Database Model */ = {
			isa = PBXGroup;
			children = (
				50AFF238152E694200418C3F /* Model.xcdatamodeld */,
				50F16A34157BD92B00DDE90D /* Section.h */,
				50F16A35157BD92B00DDE90D /* Section.m */,
				50F16A2A157BD92B00DDE90D /* Category.h */,
				501159531593AE0B000A0B81 /* DFN.sqlite */,
				50F16A2B157BD92B00DDE90D /* Category.m */,
				5019C0011572E4AC00880C34 /* User.h */,
				5019C0021572E4AC00880C34 /* User.m */,
				50AFF229152E673F00418C3F /* DatabaseManager.h */,
				50AFF22A152E673F00418C3F /* DatabaseManager.m */,
				50B583CD15434A1A001BCF06 /* EventDate.h */,
				50B583CE15434A1A001BCF06 /* EventDate.m */,
				50B583C7154349F9001BCF06 /* Event.h */,
				50B583C8154349F9001BCF06 /* Event.m */,
				50AFF20B152E670E00418C3F /* EventForm.h */,
				50AFF220152E670F00418C3F /* WatchedEntities.h */,
				50AFF221152E670F00418C3F /* WatchedEntities.m */,
				50AFF21A152E670F00418C3F /* Place.h */,
				50AFF21B152E670F00418C3F /* Place.m */,
				50AFF217152E670F00418C3F /* Checksum.h */,
				50AFF218152E670F00418C3F /* Checksum.m */,
				50AFF214152E670F00418C3F /* Organisation.h */,
				50AFF215152E670F00418C3F /* Organisation.m */,
				50AFF211152E670F00418C3F /* Update.h */,
				50AFF212152E670F00418C3F /* Update.m */,
				50AFF20E152E670E00418C3F /* EventFormType.h */,
				50AFF20F152E670E00418C3F /* EventFormType.m */,
				50AFF20C152E670E00418C3F /* EventForm.m */,
			);
			name = "Database Model";
			sourceTree = "<group>";
		};
		502C2ED014DB461000EB8E34 /* RestAPI */ = {
			isa = PBXGroup;
			children = (
				50AFF22C152E676200418C3F /* DataFetcher.h */,
				50AFF22D152E676200418C3F /* DataFetcher.m */,
				50AFF22E152E676200418C3F /* Reachability.h */,
				50AFF22F152E676200418C3F /* Reachability.m */,
				50F294DC1514BCEA003CBF8B /* JSONKit.h */,
				50F294DD1514BCEA003CBF8B /* JSONKit.m */,
			);
			name = RestAPI;
			sourceTree = "<group>";
		};
		502C2ED114DB461900EB8E34 /* GUI */ = {
			isa = PBXGroup;
			children = (
				E848BFC715167672000640A3 /* Images */,
			);
			name = GUI;
			sourceTree = "<group>";
		};
		50E4A491151A5BAC00467B87 /* icons */ = {
			isa = PBXGroup;
			children = (
				506E3F65158017DE00A355B7 /* 1.png */,
				506E3F66158017DE00A355B7 /* 2.png */,
				506E3F67158017DE00A355B7 /* 3.png */,
				506E3F68158017DE00A355B7 /* 4.png */,
				506E3F69158017DE00A355B7 /* 5.png */,
				506E3F6A158017DE00A355B7 /* 6.png */,
				506E3F6B158017DE00A355B7 /* 7.png */,
				506E3F6C158017DE00A355B7 /* 8.png */,
				506E3F6D158017DE00A355B7 /* 9.png */,
				506E3F6E158017DE00A355B7 /* 10.png */,
				506E3F6F158017DE00A355B7 /* 11.png */,
				E875C2D31531E1910077C0E8 /* info.png */,
				E875C2D41531E1910077C0E8 /* info@2x.png */,
			);
			path = icons;
			sourceTree = "<group>";
		};
		B5360AA61593D98D0059BD5A /* Classes */ = {
			isa = PBXGroup;
			children = (
				502C2ECE14DB460600EB8E34 /* Database Model */,
				E80A804B15090F8E006C1E3D /* Views */,
				502C2ED014DB461000EB8E34 /* RestAPI */,
				B57D6BC214AA480300A4D201 /* DFNAppDelegate.h */,
				B57D6BC314AA480300A4D201 /* DFNAppDelegate.m */,
			);
			name = Classes;
			sourceTree = "<group>";
		};
		B5360AA71593D9A70059BD5A /* Resources */ = {
			isa = PBXGroup;
			children = (
				502C2ED114DB461900EB8E34 /* GUI */,
				CE9393201563F598005F216A /* imiona.csv */,
				E88299711525EB100067B941 /* Icon@2x.png */,
				E882996F1525EB090067B941 /* Icon.png */,
				506E3F5F1580084900A355B7 /* logoTaxi.png */,
				5094AE6A158643A9002CC5B6 /* logo_taxi5_270x114.png */,
			);
			name = Resources;
			sourceTree = "<group>";
		};
		B57D6BA214AA480300A4D201 = {
			isa = PBXGroup;
			children = (
				B57D6BB914AA480300A4D201 /* DFN */,
				B57D6BB014AA480300A4D201 /* Frameworks */,
				B57D6BAE14AA480300A4D201 /* Products */,
			);
			sourceTree = "<group>";
		};
		B57D6BAE14AA480300A4D201 /* Products */ = {
			isa = PBXGroup;
			children = (
				B57D6BAD14AA480300A4D201 /* DFN.app */,
			);
			name = Products;
			sourceTree = "<group>";
		};
		B57D6BB014AA480300A4D201 /* Frameworks */ = {
			isa = PBXGroup;
			children = (
				CE7FFEBF1560667A00BC13EC /* MessageUI.framework */,
				50AFF236152E680F00418C3F /* SystemConfiguration.framework */,
				E8554AF715262068000655FC /* EventKit.framework */,
				E87552E1151E2AD40009F89E /* MapKit.framework */,
				E848BFD815168A2B000640A3 /* QuartzCore.framework */,
				B57D6BB114AA480300A4D201 /* UIKit.framework */,
				B57D6BB314AA480300A4D201 /* Foundation.framework */,
				B57D6BB514AA480300A4D201 /* CoreGraphics.framework */,
				B57D6BB714AA480300A4D201 /* CoreData.framework */,
			);
			name = Frameworks;
			sourceTree = "<group>";
		};
		B57D6BB914AA480300A4D201 /* DFN */ = {
			isa = PBXGroup;
			children = (
				B5360AA61593D98D0059BD5A /* Classes */,
				B5360AA71593D9A70059BD5A /* Resources */,
				B57D6BBA14AA480300A4D201 /* Supporting Files */,
			);
			path = DFN;
			sourceTree = "<group>";
		};
		B57D6BBA14AA480300A4D201 /* Supporting Files */ = {
			isa = PBXGroup;
			children = (
				B57D6BBB14AA480300A4D201 /* DFN-Info.plist */,
				B57D6BBC14AA480300A4D201 /* InfoPlist.strings */,
				B57D6BBF14AA480300A4D201 /* main.m */,
				B57D6BC114AA480300A4D201 /* DFN-Prefix.pch */,
			);
			name = "Supporting Files";
			sourceTree = "<group>";
		};
		BF094A7415151020009F3628 /* LectureView */ = {
			isa = PBXGroup;
			children = (
				506E3F7B15801B4D00A355B7 /* LectureView.h */,
				506E3F7C15801B4D00A355B7 /* LectureView.m */,
				506E3F7D15801B4D00A355B7 /* LectureView.xib */,
				E8A3EEA81541DF7600596388 /* SignInView.h */,
				E8A3EEA91541DF7600596388 /* SignInView.m */,
				E8A3EEAA1541DF7600596388 /* SignInView.xib */,
				E845B30F15543AB600485C36 /* DescriptionView.h */,
				E845B31015543AB700485C36 /* DescriptionView.m */,
				E845B31115543AB700485C36 /* DescriptionView.xib */,
			);
			name = LectureView;
			sourceTree = "<group>";
		};
		BF094A761515103D009F3628 /* MainCategoryListView */ = {
			isa = PBXGroup;
			children = (
				BF094A7715151064009F3628 /* MainCategoryListView.h */,
				BF094A7815151064009F3628 /* MainCategoryListView.m */,
				BF094A7915151064009F3628 /* MainCategoryListView.xib */,
			);
			name = MainCategoryListView;
			sourceTree = "<group>";
		};
		BF094A7C1515106F009F3628 /* SubCategoryListView */ = {
			isa = PBXGroup;
			children = (
				BF094A7D1515108B009F3628 /* SubCategoryListView.h */,
				BF094A7E1515108B009F3628 /* SubCategoryListView.m */,
				BF094A7F1515108B009F3628 /* SubCategoryListView.xib */,
			);
			name = SubCategoryListView;
			sourceTree = "<group>";
		};
		BF094A8215151091009F3628 /* LecturesListView */ = {
			isa = PBXGroup;
			children = (
				BF094A83151510B5009F3628 /* LecturesListView.h */,
				BF094A84151510B5009F3628 /* LecturesListView.m */,
				BF094A85151510B5009F3628 /* LecturesListView.xib */,
			);
			name = LecturesListView;
			sourceTree = "<group>";
		};
		BFA3486A153336FF00D0EBEE /* AboutUsView */ = {
			isa = PBXGroup;
			children = (
				BFA348771533428800D0EBEE /* AboutUsView.h */,
				BFA348781533428800D0EBEE /* AboutUsView.m */,
				BFA348791533428800D0EBEE /* AboutUsView.xib */,
			);
			name = AboutUsView;
			sourceTree = "<group>";
		};
		CE6F2565155D1B1100C59A82 /* SubscriptionView */ = {
			isa = PBXGroup;
			children = (
				DBED5CCE158697A400321265 /* SubscriptionMaker.m */,
				DBED5CCF158697A400321265 /* SubscriptionMaker.h */,
				DBED5CD0158697A400321265 /* LectureRecordView.m */,
				DBED5CD1158697A400321265 /* LectureRecordView.h */,
				CE7FFEB915605EBD00BC13EC /* LectureRecordView.xib */,
			);
			name = SubscriptionView;
			sourceTree = "<group>";
		};
		E80A804B15090F8E006C1E3D /* Views */ = {
			isa = PBXGroup;
			children = (
				CE6F2565155D1B1100C59A82 /* SubscriptionView */,
				BFA3486A153336FF00D0EBEE /* AboutUsView */,
				BF094A8215151091009F3628 /* LecturesListView */,
				BF094A7C1515106F009F3628 /* SubCategoryListView */,
				BF094A761515103D009F3628 /* MainCategoryListView */,
				BF094A7415151020009F3628 /* LectureView */,
				E882996E1525D0490067B941 /* LoadingView */,
				E84B5E6D1547727E006E4227 /* SimpleSearchView */,
				E8A1D7221530C52C0091DC5A /* WatchedView */,
			);
			name = Views;
			sourceTree = "<group>";
		};
		E848BFC715167672000640A3 /* Images */ = {
			isa = PBXGroup;
			children = (
				50E4A491151A5BAC00467B87 /* icons */,
				50BAA0681593068500C59FD1 /* search@2x.png */,
				E87552D7151E248B0009F89E /* search.png */,
				E8A3EE9F1541DB5500596388 /* mail.png */,
				E8A3EEA01541DB5500596388 /* mail@2x.png */,
				E8A3EEA11541DB5500596388 /* phone.png */,
				E8A3EEA21541DB5500596388 /* phone@2x.png */,
				E875C2CE1531DD2D0077C0E8 /* changed.png */,
				E875C2CF1531DD2D0077C0E8 /* changed@2x.png */,
				50BAA06B159306E500C59FD1 /* eye3@2x.png */,
				50BAA06C159306E500C59FD1 /* eye3.png */,
				E848BFDA151696E2000640A3 /* dfnLogo.png */,
				E848BFDB151696E2000640A3 /* dfnLogo@2x.png */,
				E848BFD4151683C3000640A3 /* buttonSignIn.png */,
				E848BFD5151683C3000640A3 /* buttonSignIn@2x.png */,
				E848BFE415169703000640A3 /* Default.png */,
				E848BFE2151696FA000640A3 /* Default@2x.png */,
				E848BFD01516819D000640A3 /* button1.png */,
				E848BFD11516819D000640A3 /* button1@2x.png */,
				E848BFCC15167BCE000640A3 /* background.png */,
				E848BFCD15167BCE000640A3 /* background@2x.png */,
				E848BFC815167672000640A3 /* logo2.png */,
				E848BFC915167672000640A3 /* logo2@2x.png */,
			);
			path = Images;
			sourceTree = "<group>";
		};
		E84B5E6D1547727E006E4227 /* SimpleSearchView */ = {
			isa = PBXGroup;
			children = (
				E84B5E6215477276006E4227 /* PickDateView.h */,
				E84B5E6315477276006E4227 /* PickDateView.m */,
				E84B5E6415477276006E4227 /* PickDateView.xib */,
				E84B5E6515477276006E4227 /* SimpleSearchView.h */,
				E84B5E6615477276006E4227 /* SimpleSearchView.m */,
				E84B5E6715477276006E4227 /* SimpleSearchView.xib */,
			);
			name = SimpleSearchView;
			sourceTree = "<group>";
		};
		E882996E1525D0490067B941 /* LoadingView */ = {
			isa = PBXGroup;
			children = (
				E88299681525D0410067B941 /* LoadingView.h */,
				E88299691525D0410067B941 /* LoadingView.m */,
				E882996A1525D0410067B941 /* LoadingView.xib */,
			);
			name = LoadingView;
			sourceTree = "<group>";
		};
		E8A1D7221530C52C0091DC5A /* WatchedView */ = {
			isa = PBXGroup;
			children = (
				E8A1D71C1530C5250091DC5A /* WatchedView.h */,
				E8A1D71D1530C5250091DC5A /* WatchedView.m */,
				E8A1D71E1530C5250091DC5A /* WatchedView.xib */,
			);
			name = WatchedView;
			sourceTree = "<group>";
		};
/* End PBXGroup section */

/* Begin PBXNativeTarget section */
		B57D6BAC14AA480300A4D201 /* DFN */ = {
			isa = PBXNativeTarget;
			buildConfigurationList = B57D6BCA14AA480300A4D201 /* Build configuration list for PBXNativeTarget "DFN" */;
			buildPhases = (
				B57D6BA914AA480300A4D201 /* Sources */,
				B57D6BAA14AA480300A4D201 /* Frameworks */,
				B57D6BAB14AA480300A4D201 /* Resources */,
			);
			buildRules = (
			);
			dependencies = (
			);
			name = DFN;
			productName = DFN;
			productReference = B57D6BAD14AA480300A4D201 /* DFN.app */;
			productType = "com.apple.product-type.application";
		};
/* End PBXNativeTarget section */

/* Begin PBXProject section */
		B57D6BA414AA480300A4D201 /* Project object */ = {
			isa = PBXProject;
			attributes = {
				LastUpgradeCheck = 0420;
				ORGANIZATIONNAME = "pawel.jankowski@me.com";
			};
			buildConfigurationList = B57D6BA714AA480300A4D201 /* Build configuration list for PBXProject "DFN" */;
			compatibilityVersion = "Xcode 3.2";
			developmentRegion = English;
			hasScannedForEncodings = 0;
			knownRegions = (
				en,
			);
			mainGroup = B57D6BA214AA480300A4D201;
			productRefGroup = B57D6BAE14AA480300A4D201 /* Products */;
			projectDirPath = "";
			projectRoot = "";
			targets = (
				B57D6BAC14AA480300A4D201 /* DFN */,
			);
		};
/* End PBXProject section */

/* Begin PBXResourcesBuildPhase section */
		B57D6BAB14AA480300A4D201 /* Resources */ = {
			isa = PBXResourcesBuildPhase;
			buildActionMask = 2147483647;
			files = (
				B57D6BBE14AA480300A4D201 /* InfoPlist.strings in Resources */,
				BF094A7B15151064009F3628 /* MainCategoryListView.xib in Resources */,
				BF094A811515108C009F3628 /* SubCategoryListView.xib in Resources */,
				BF094A87151510B5009F3628 /* LecturesListView.xib in Resources */,
				E848BFCA15167672000640A3 /* logo2.png in Resources */,
				E848BFCB15167672000640A3 /* logo2@2x.png in Resources */,
				E848BFCE15167BCE000640A3 /* background.png in Resources */,
				E848BFCF15167BCE000640A3 /* background@2x.png in Resources */,
				E848BFD21516819D000640A3 /* button1.png in Resources */,
				E848BFD31516819D000640A3 /* button1@2x.png in Resources */,
				E848BFD6151683C3000640A3 /* buttonSignIn.png in Resources */,
				E848BFD7151683C3000640A3 /* buttonSignIn@2x.png in Resources */,
				E848BFDE151696E2000640A3 /* dfnLogo.png in Resources */,
				E848BFDF151696E2000640A3 /* dfnLogo@2x.png in Resources */,
				E87552D9151E248B0009F89E /* search.png in Resources */,
				E882996C1525D0410067B941 /* LoadingView.xib in Resources */,
				E88299701525EB090067B941 /* Icon.png in Resources */,
				E88299721525EB100067B941 /* Icon@2x.png in Resources */,
				E8A1D7201530C5250091DC5A /* WatchedView.xib in Resources */,
				E875C2D01531DD2E0077C0E8 /* changed.png in Resources */,
				E875C2D11531DD2E0077C0E8 /* changed@2x.png in Resources */,
				E875C2D51531E1910077C0E8 /* info.png in Resources */,
				E875C2D61531E1910077C0E8 /* info@2x.png in Resources */,
				BFA3487B1533428800D0EBEE /* AboutUsView.xib in Resources */,
				E8A3EEA31541DB5500596388 /* mail.png in Resources */,
				E8A3EEA41541DB5500596388 /* mail@2x.png in Resources */,
				E8A3EEA51541DB5500596388 /* phone.png in Resources */,
				E8A3EEA61541DB5500596388 /* phone@2x.png in Resources */,
				E8A3EEAC1541DF7600596388 /* SignInView.xib in Resources */,
				E84B5E6915477276006E4227 /* PickDateView.xib in Resources */,
				E84B5E6B15477276006E4227 /* SimpleSearchView.xib in Resources */,
				E845B31315543AB700485C36 /* DescriptionView.xib in Resources */,
				CE7FFEBA15605EBD00BC13EC /* LectureRecordView.xib in Resources */,
				CE9393211563F598005F216A /* imiona.csv in Resources */,
				506E3F601580084900A355B7 /* logoTaxi.png in Resources */,
				506E3F70158017DE00A355B7 /* 1.png in Resources */,
				506E3F71158017DE00A355B7 /* 2.png in Resources */,
				506E3F72158017DE00A355B7 /* 3.png in Resources */,
				506E3F73158017DE00A355B7 /* 4.png in Resources */,
				506E3F74158017DE00A355B7 /* 5.png in Resources */,
				506E3F75158017DE00A355B7 /* 6.png in Resources */,
				506E3F76158017DE00A355B7 /* 7.png in Resources */,
				506E3F77158017DE00A355B7 /* 8.png in Resources */,
				506E3F78158017DE00A355B7 /* 9.png in Resources */,
				506E3F79158017DE00A355B7 /* 10.png in Resources */,
				506E3F7A158017DE00A355B7 /* 11.png in Resources */,
				506E3F7F15801B4D00A355B7 /* LectureView.xib in Resources */,
				5094AE6B158643A9002CC5B6 /* logo_taxi5_270x114.png in Resources */,
				50BAA0691593068500C59FD1 /* search@2x.png in Resources */,
				50BAA06D159306E500C59FD1 /* eye3@2x.png in Resources */,
				50BAA06E159306E500C59FD1 /* eye3.png in Resources */,
				501159541593AE0B000A0B81 /* DFN.sqlite in Resources */,
				B5019B291593DA5D00E6DBDC /* Default.png in Resources */,
				B5019B2A1593DA5F00E6DBDC /* Default@2x.png in Resources */,
			);
			runOnlyForDeploymentPostprocessing = 0;
		};
/* End PBXResourcesBuildPhase section */

/* Begin PBXSourcesBuildPhase section */
		B57D6BA914AA480300A4D201 /* Sources */ = {
			isa = PBXSourcesBuildPhase;
			buildActionMask = 2147483647;
			files = (
				B57D6BC014AA480300A4D201 /* main.m in Sources */,
				B57D6BC414AA480300A4D201 /* DFNAppDelegate.m in Sources */,
				50F294DE1514BCEA003CBF8B /* JSONKit.m in Sources */,
				BF094A7A15151064009F3628 /* MainCategoryListView.m in Sources */,
				BF094A801515108C009F3628 /* SubCategoryListView.m in Sources */,
				BF094A86151510B5009F3628 /* LecturesListView.m in Sources */,
				E882996B1525D0410067B941 /* LoadingView.m in Sources */,
				50AFF20D152E670E00418C3F /* EventForm.m in Sources */,
				50AFF210152E670E00418C3F /* EventFormType.m in Sources */,
				50AFF213152E670F00418C3F /* Update.m in Sources */,
				50AFF216152E670F00418C3F /* Organisation.m in Sources */,
				50AFF219152E670F00418C3F /* Checksum.m in Sources */,
				50AFF21C152E670F00418C3F /* Place.m in Sources */,
				50AFF222152E670F00418C3F /* WatchedEntities.m in Sources */,
				50AFF22B152E673F00418C3F /* DatabaseManager.m in Sources */,
				50AFF230152E676200418C3F /* DataFetcher.m in Sources */,
				50AFF231152E676200418C3F /* Reachability.m in Sources */,
				50AFF23A152E694200418C3F /* Model.xcdatamodeld in Sources */,
				E8A1D71F1530C5250091DC5A /* WatchedView.m in Sources */,
				BFA3487A1533428800D0EBEE /* AboutUsView.m in Sources */,
				E8A3EEAB1541DF7600596388 /* SignInView.m in Sources */,
				50B583C9154349F9001BCF06 /* Event.m in Sources */,
				50B583CF15434A1A001BCF06 /* EventDate.m in Sources */,
				E84B5E6815477276006E4227 /* PickDateView.m in Sources */,
				E84B5E6A15477276006E4227 /* SimpleSearchView.m in Sources */,
				E845B31215543AB700485C36 /* DescriptionView.m in Sources */,
				5019C0031572E4AC00880C34 /* User.m in Sources */,
				50F16A2C157BD92B00DDE90D /* Category.m in Sources */,
				50F16A36157BD92B00DDE90D /* Section.m in Sources */,
				506E3F7E15801B4D00A355B7 /* LectureView.m in Sources */,
				DBED5CD2158697A400321265 /* SubscriptionMaker.m in Sources */,
				DBED5CD3158697A400321265 /* LectureRecordView.m in Sources */,
			);
			runOnlyForDeploymentPostprocessing = 0;
		};
/* End PBXSourcesBuildPhase section */

/* Begin PBXVariantGroup section */
		B57D6BBC14AA480300A4D201 /* InfoPlist.strings */ = {
			isa = PBXVariantGroup;
			children = (
				B57D6BBD14AA480300A4D201 /* en */,
			);
			name = InfoPlist.strings;
			sourceTree = "<group>";
		};
/* End PBXVariantGroup section */

/* Begin XCBuildConfiguration section */
		5009D891157D31CE009F4D72 /* Ad Hoc Distribution */ = {
			isa = XCBuildConfiguration;
			buildSettings = {
				ALWAYS_SEARCH_USER_PATHS = NO;
				ARCHS = "$(ARCHS_STANDARD_32_BIT)";
				"CODE_SIGN_IDENTITY[sdk=iphoneos*]" = "iPhone Developer";
				COPY_PHASE_STRIP = YES;
				GCC_C_LANGUAGE_STANDARD = gnu99;
				GCC_VERSION = com.apple.compilers.llvm.clang.1_0;
				GCC_WARN_ABOUT_MISSING_PROTOTYPES = YES;
				GCC_WARN_ABOUT_RETURN_TYPE = YES;
				GCC_WARN_UNUSED_VARIABLE = YES;
				IPHONEOS_DEPLOYMENT_TARGET = 5.0;
				OTHER_CFLAGS = "-DNS_BLOCK_ASSERTIONS=1";
				SDKROOT = iphoneos;
				SKIP_INSTALL = YES;
				VALIDATE_PRODUCT = YES;
			};
			name = "Ad Hoc Distribution";
		};
		5009D892157D31CE009F4D72 /* Ad Hoc Distribution */ = {
			isa = XCBuildConfiguration;
			buildSettings = {
				ARCHS = (
					arm6,
					"$(ARCHS_STANDARD_32_BIT)",
				);
				CODE_SIGN_IDENTITY = "iPhone Distribution";
				"CODE_SIGN_IDENTITY[sdk=iphoneos*]" = "iPhone Distribution";
				FRAMEWORK_SEARCH_PATHS = (
					"$(SDKROOT)/Developer/Library/Frameworks/**",
					"$(DEVELOPER_LIBRARY_DIR)/Frameworks/**",
				);
				GCC_PRECOMPILE_PREFIX_HEADER = YES;
				GCC_PREFIX_HEADER = "DFN/DFN-Prefix.pch";
				INFOPLIST_FILE = "DFN/DFN-Info.plist";
				IPHONEOS_DEPLOYMENT_TARGET = 4.3;
				OTHER_CFLAGS = "-DNS_BLOCK_ASSERTIONS=1";
				PRODUCT_NAME = "$(TARGET_NAME)";
				PROVISIONING_PROFILE = "";
				"PROVISIONING_PROFILE[sdk=iphoneos*]" = "";
				SKIP_INSTALL = NO;
				WRAPPER_EXTENSION = app;
			};
			name = "Ad Hoc Distribution";
		};
		B57D6BC814AA480300A4D201 /* Debug */ = {
			isa = XCBuildConfiguration;
			buildSettings = {
				ALWAYS_SEARCH_USER_PATHS = NO;
				ARCHS = "$(ARCHS_STANDARD_32_BIT)";
				"CODE_SIGN_IDENTITY[sdk=iphoneos*]" = "iPhone Developer";
				COPY_PHASE_STRIP = NO;
				GCC_C_LANGUAGE_STANDARD = gnu99;
				GCC_DYNAMIC_NO_PIC = NO;
				GCC_OPTIMIZATION_LEVEL = 0;
				GCC_PREPROCESSOR_DEFINITIONS = (
					"DEBUG=1",
					"$(inherited)",
				);
				GCC_SYMBOLS_PRIVATE_EXTERN = NO;
				GCC_VERSION = com.apple.compilers.llvm.clang.1_0;
				GCC_WARN_ABOUT_MISSING_PROTOTYPES = YES;
				GCC_WARN_ABOUT_RETURN_TYPE = YES;
				GCC_WARN_UNUSED_VARIABLE = YES;
				IPHONEOS_DEPLOYMENT_TARGET = 5.0;
				SDKROOT = iphoneos;
				SKIP_INSTALL = NO;
			};
			name = Debug;
		};
		B57D6BC914AA480300A4D201 /* Release */ = {
			isa = XCBuildConfiguration;
			buildSettings = {
				ALWAYS_SEARCH_USER_PATHS = NO;
				ARCHS = "$(ARCHS_STANDARD_32_BIT)";
				"CODE_SIGN_IDENTITY[sdk=iphoneos*]" = "iPhone Developer";
				COPY_PHASE_STRIP = YES;
				GCC_C_LANGUAGE_STANDARD = gnu99;
				GCC_VERSION = com.apple.compilers.llvm.clang.1_0;
				GCC_WARN_ABOUT_MISSING_PROTOTYPES = YES;
				GCC_WARN_ABOUT_RETURN_TYPE = YES;
				GCC_WARN_UNUSED_VARIABLE = YES;
				IPHONEOS_DEPLOYMENT_TARGET = 5.0;
				OTHER_CFLAGS = "-DNS_BLOCK_ASSERTIONS=1";
				SDKROOT = iphoneos;
				SKIP_INSTALL = NO;
				VALIDATE_PRODUCT = YES;
			};
			name = Release;
		};
		B57D6BCB14AA480300A4D201 /* Debug */ = {
			isa = XCBuildConfiguration;
			buildSettings = {
				CODE_SIGN_IDENTITY = "iPhone Developer";
				FRAMEWORK_SEARCH_PATHS = (
					"$(SDKROOT)/Developer/Library/Frameworks/**",
					"$(DEVELOPER_LIBRARY_DIR)/Frameworks/**",
				);
				GCC_PRECOMPILE_PREFIX_HEADER = YES;
				GCC_PREFIX_HEADER = "DFN/DFN-Prefix.pch";
				INFOPLIST_FILE = "DFN/DFN-Info.plist";
				IPHONEOS_DEPLOYMENT_TARGET = 4.3;
				OTHER_CFLAGS = "-DNS_BLOCK_ASSERTIONS=1";
				PRODUCT_NAME = "$(TARGET_NAME)";
				PROVISIONING_PROFILE = "";
				WRAPPER_EXTENSION = app;
			};
			name = Debug;
		};
		B57D6BCC14AA480300A4D201 /* Release */ = {
			isa = XCBuildConfiguration;
			buildSettings = {
				CODE_SIGN_IDENTITY = "iPhone Distribution";
				"CODE_SIGN_IDENTITY[sdk=iphoneos*]" = "iPhone Distribution";
				FRAMEWORK_SEARCH_PATHS = (
					"$(SDKROOT)/Developer/Library/Frameworks/**",
					"$(DEVELOPER_LIBRARY_DIR)/Frameworks/**",
				);
				GCC_PRECOMPILE_PREFIX_HEADER = YES;
				GCC_PREFIX_HEADER = "DFN/DFN-Prefix.pch";
				INFOPLIST_FILE = "DFN/DFN-Info.plist";
				IPHONEOS_DEPLOYMENT_TARGET = 4.3;
				OTHER_CFLAGS = "-DNS_BLOCK_ASSERTIONS=1";
				PRODUCT_NAME = "$(TARGET_NAME)";
				PROVISIONING_PROFILE = "";
				"PROVISIONING_PROFILE[sdk=iphoneos*]" = "";
				WRAPPER_EXTENSION = app;
			};
			name = Release;
		};
/* End XCBuildConfiguration section */

/* Begin XCConfigurationList section */
		B57D6BA714AA480300A4D201 /* Build configuration list for PBXProject "DFN" */ = {
			isa = XCConfigurationList;
			buildConfigurations = (
				B57D6BC814AA480300A4D201 /* Debug */,
				B57D6BC914AA480300A4D201 /* Release */,
				5009D891157D31CE009F4D72 /* Ad Hoc Distribution */,
			);
			defaultConfigurationIsVisible = 0;
			defaultConfigurationName = Release;
		};
		B57D6BCA14AA480300A4D201 /* Build configuration list for PBXNativeTarget "DFN" */ = {
			isa = XCConfigurationList;
			buildConfigurations = (
				B57D6BCB14AA480300A4D201 /* Debug */,
				B57D6BCC14AA480300A4D201 /* Release */,
				5009D892157D31CE009F4D72 /* Ad Hoc Distribution */,
			);
			defaultConfigurationIsVisible = 0;
			defaultConfigurationName = Release;
		};
/* End XCConfigurationList section */

/* Begin XCVersionGroup section */
		50AFF238152E694200418C3F /* Model.xcdatamodeld */ = {
			isa = XCVersionGroup;
			children = (
				50AFF239152E694200418C3F /* Model.xcdatamodel */,
			);
			currentVersion = 50AFF239152E694200418C3F /* Model.xcdatamodel */;
			path = Model.xcdatamodeld;
			sourceTree = "<group>";
			versionGroupType = wrapper.xcdatamodel;
		};
/* End XCVersionGroup section */
	};
	rootObject = B57D6BA414AA480300A4D201 /* Project object */;
}
