// !$*UTF8*$!
{
	archiveVersion = 1;
	classes = {
	};
	objectVersion = 46;
	objects = {

/* Begin PBXBuildFile section */
		502C2ED614DB465D00EB8E34 /* Model.xcdatamodeld in Sources */ = {isa = PBXBuildFile; fileRef = 502C2ED414DB465D00EB8E34 /* Model.xcdatamodeld */; };
		50C7027A14DBEC62008C1D8F /* DatabaseManager.m in Sources */ = {isa = PBXBuildFile; fileRef = 50C7027914DBEC62008C1D8F /* DatabaseManager.m */; };
		50E103B914F07DCE001068FE /* Category.m in Sources */ = {isa = PBXBuildFile; fileRef = 50E103B814F07DCE001068FE /* Category.m */; };
		50E103BC14F07DCE001068FE /* EventDate.m in Sources */ = {isa = PBXBuildFile; fileRef = 50E103BB14F07DCE001068FE /* EventDate.m */; };
		50E103BF14F07DCE001068FE /* EventForm.m in Sources */ = {isa = PBXBuildFile; fileRef = 50E103BE14F07DCE001068FE /* EventForm.m */; };
		50E103C214F07DCE001068FE /* Event.m in Sources */ = {isa = PBXBuildFile; fileRef = 50E103C114F07DCE001068FE /* Event.m */; };
		50E103C514F07DCE001068FE /* Organisation.m in Sources */ = {isa = PBXBuildFile; fileRef = 50E103C414F07DCE001068FE /* Organisation.m */; };
		50E103C814F07DCE001068FE /* Place.m in Sources */ = {isa = PBXBuildFile; fileRef = 50E103C714F07DCE001068FE /* Place.m */; };
		B57D6BB214AA480300A4D201 /* UIKit.framework in Frameworks */ = {isa = PBXBuildFile; fileRef = B57D6BB114AA480300A4D201 /* UIKit.framework */; };
		B57D6BB414AA480300A4D201 /* Foundation.framework in Frameworks */ = {isa = PBXBuildFile; fileRef = B57D6BB314AA480300A4D201 /* Foundation.framework */; };
		B57D6BB614AA480300A4D201 /* CoreGraphics.framework in Frameworks */ = {isa = PBXBuildFile; fileRef = B57D6BB514AA480300A4D201 /* CoreGraphics.framework */; };
		B57D6BB814AA480300A4D201 /* CoreData.framework in Frameworks */ = {isa = PBXBuildFile; fileRef = B57D6BB714AA480300A4D201 /* CoreData.framework */; };
		B57D6BBE14AA480300A4D201 /* InfoPlist.strings in Resources */ = {isa = PBXBuildFile; fileRef = B57D6BBC14AA480300A4D201 /* InfoPlist.strings */; };
		B57D6BC014AA480300A4D201 /* main.m in Sources */ = {isa = PBXBuildFile; fileRef = B57D6BBF14AA480300A4D201 /* main.m */; };
		B57D6BC414AA480300A4D201 /* DFNAppDelegate.m in Sources */ = {isa = PBXBuildFile; fileRef = B57D6BC314AA480300A4D201 /* DFNAppDelegate.m */; };
		BF24518214DC586600DECB4F /* Storyboard.storyboard in Resources */ = {isa = PBXBuildFile; fileRef = BF24518114DC586600DECB4F /* Storyboard.storyboard */; };
/* End PBXBuildFile section */

/* Begin PBXFileReference section */
		502C2ED514DB465D00EB8E34 /* Model.xcdatamodel */ = {isa = PBXFileReference; lastKnownFileType = wrapper.xcdatamodel; path = Model.xcdatamodel; sourceTree = "<group>"; };
		50C7027814DBEC62008C1D8F /* DatabaseManager.h */ = {isa = PBXFileReference; fileEncoding = 4; lastKnownFileType = sourcecode.c.h; path = DatabaseManager.h; sourceTree = "<group>"; };
		50C7027914DBEC62008C1D8F /* DatabaseManager.m */ = {isa = PBXFileReference; fileEncoding = 4; lastKnownFileType = sourcecode.c.objc; path = DatabaseManager.m; sourceTree = "<group>"; };
		50E103B714F07DCE001068FE /* Category.h */ = {isa = PBXFileReference; fileEncoding = 4; lastKnownFileType = sourcecode.c.h; path = Category.h; sourceTree = "<group>"; };
		50E103B814F07DCE001068FE /* Category.m */ = {isa = PBXFileReference; fileEncoding = 4; lastKnownFileType = sourcecode.c.objc; path = Category.m; sourceTree = "<group>"; };
		50E103BA14F07DCE001068FE /* EventDate.h */ = {isa = PBXFileReference; fileEncoding = 4; lastKnownFileType = sourcecode.c.h; path = EventDate.h; sourceTree = "<group>"; };
		50E103BB14F07DCE001068FE /* EventDate.m */ = {isa = PBXFileReference; fileEncoding = 4; lastKnownFileType = sourcecode.c.objc; path = EventDate.m; sourceTree = "<group>"; };
		50E103BD14F07DCE001068FE /* EventForm.h */ = {isa = PBXFileReference; fileEncoding = 4; lastKnownFileType = sourcecode.c.h; path = EventForm.h; sourceTree = "<group>"; };
		50E103BE14F07DCE001068FE /* EventForm.m */ = {isa = PBXFileReference; fileEncoding = 4; lastKnownFileType = sourcecode.c.objc; path = EventForm.m; sourceTree = "<group>"; };
		50E103C014F07DCE001068FE /* Event.h */ = {isa = PBXFileReference; fileEncoding = 4; lastKnownFileType = sourcecode.c.h; path = Event.h; sourceTree = "<group>"; };
		50E103C114F07DCE001068FE /* Event.m */ = {isa = PBXFileReference; fileEncoding = 4; lastKnownFileType = sourcecode.c.objc; path = Event.m; sourceTree = "<group>"; };
		50E103C314F07DCE001068FE /* Organisation.h */ = {isa = PBXFileReference; fileEncoding = 4; lastKnownFileType = sourcecode.c.h; path = Organisation.h; sourceTree = "<group>"; };
		50E103C414F07DCE001068FE /* Organisation.m */ = {isa = PBXFileReference; fileEncoding = 4; lastKnownFileType = sourcecode.c.objc; path = Organisation.m; sourceTree = "<group>"; };
		50E103C614F07DCE001068FE /* Place.h */ = {isa = PBXFileReference; fileEncoding = 4; lastKnownFileType = sourcecode.c.h; path = Place.h; sourceTree = "<group>"; };
		50E103C714F07DCE001068FE /* Place.m */ = {isa = PBXFileReference; fileEncoding = 4; lastKnownFileType = sourcecode.c.objc; path = Place.m; sourceTree = "<group>"; };
		B57D6BAD14AA480300A4D201 /* DFN.app */ = {isa = PBXFileReference; explicitFileType = wrapper.application; includeInIndex = 0; path = DFN.app; sourceTree = BUILT_PRODUCTS_DIR; };
		B57D6BB114AA480300A4D201 /* UIKit.framework */ = {isa = PBXFileReference; lastKnownFileType = wrapper.framework; name = UIKit.framework; path = System/Library/Frameworks/UIKit.framework; sourceTree = SDKROOT; };
		B57D6BB314AA480300A4D201 /* Foundation.framework */ = {isa = PBXFileReference; lastKnownFileType = wrapper.framework; name = Foundation.framework; path = System/Library/Frameworks/Foundation.framework; sourceTree = SDKROOT; };
		B57D6BB514AA480300A4D201 /* CoreGraphics.framework */ = {isa = PBXFileReference; lastKnownFileType = wrapper.framework; name = CoreGraphics.framework; path = System/Library/Frameworks/CoreGraphics.framework; sourceTree = SDKROOT; };
		B57D6BB714AA480300A4D201 /* CoreData.framework */ = {isa = PBXFileReference; lastKnownFileType = wrapper.framework; name = CoreData.framework; path = System/Library/Frameworks/CoreData.framework; sourceTree = SDKROOT; };
		B57D6BBB14AA480300A4D201 /* DFN-Info.plist */ = {isa = PBXFileReference; lastKnownFileType = text.plist.xml; path = "DFN-Info.plist"; sourceTree = "<group>"; };
		B57D6BBD14AA480300A4D201 /* en */ = {isa = PBXFileReference; lastKnownFileType = text.plist.strings; name = en; path = en.lproj/InfoPlist.strings; sourceTree = "<group>"; };
		B57D6BBF14AA480300A4D201 /* main.m */ = {isa = PBXFileReference; lastKnownFileType = sourcecode.c.objc; path = main.m; sourceTree = "<group>"; };
		B57D6BC114AA480300A4D201 /* DFN-Prefix.pch */ = {isa = PBXFileReference; lastKnownFileType = sourcecode.c.h; path = "DFN-Prefix.pch"; sourceTree = "<group>"; };
		B57D6BC214AA480300A4D201 /* DFNAppDelegate.h */ = {isa = PBXFileReference; lastKnownFileType = sourcecode.c.h; path = DFNAppDelegate.h; sourceTree = "<group>"; };
		B57D6BC314AA480300A4D201 /* DFNAppDelegate.m */ = {isa = PBXFileReference; lastKnownFileType = sourcecode.c.objc; path = DFNAppDelegate.m; sourceTree = "<group>"; };
		BF24518114DC586600DECB4F /* Storyboard.storyboard */ = {isa = PBXFileReference; fileEncoding = 4; lastKnownFileType = file.storyboard; path = Storyboard.storyboard; sourceTree = "<group>"; };
/* End PBXFileReference section */

/* Begin PBXFrameworksBuildPhase section */
		B57D6BAA14AA480300A4D201 /* Frameworks */ = {
			isa = PBXFrameworksBuildPhase;
			buildActionMask = 2147483647;
			files = (
				B57D6BB214AA480300A4D201 /* UIKit.framework in Frameworks */,
				B57D6BB414AA480300A4D201 /* Foundation.framework in Frameworks */,
				B57D6BB614AA480300A4D201 /* CoreGraphics.framework in Frameworks */,
				B57D6BB814AA480300A4D201 /* CoreData.framework in Frameworks */,
			);
			runOnlyForDeploymentPostprocessing = 0;
		};
/* End PBXFrameworksBuildPhase section */

/* Begin PBXGroup section */
		502C2ECE14DB460600EB8E34 /* Database Model */ = {
			isa = PBXGroup;
			children = (
				50E103C614F07DCE001068FE /* Place.h */,
				50E103C714F07DCE001068FE /* Place.m */,
				50E103C314F07DCE001068FE /* Organisation.h */,
				50E103C414F07DCE001068FE /* Organisation.m */,
				50E103C014F07DCE001068FE /* Event.h */,
				50E103C114F07DCE001068FE /* Event.m */,
				50E103BD14F07DCE001068FE /* EventForm.h */,
				50E103BE14F07DCE001068FE /* EventForm.m */,
				50E103BA14F07DCE001068FE /* EventDate.h */,
				50E103BB14F07DCE001068FE /* EventDate.m */,
				50E103B714F07DCE001068FE /* Category.h */,
				50E103B814F07DCE001068FE /* Category.m */,
				502C2ED414DB465D00EB8E34 /* Model.xcdatamodeld */,
				50C7027814DBEC62008C1D8F /* DatabaseManager.h */,
				50C7027914DBEC62008C1D8F /* DatabaseManager.m */,
			);
			name = "Database Model";
			sourceTree = "<group>";
		};
		502C2ED014DB461000EB8E34 /* RestAPI */ = {
			isa = PBXGroup;
			children = (
			);
			name = RestAPI;
			sourceTree = "<group>";
		};
		502C2ED114DB461900EB8E34 /* GUI */ = {
			isa = PBXGroup;
			children = (
				BF24518114DC586600DECB4F /* Storyboard.storyboard */,
			);
			name = GUI;
			sourceTree = "<group>";
		};
		B57D6BA214AA480300A4D201 = {
			isa = PBXGroup;
			children = (
				B57D6BB914AA480300A4D201 /* DFN */,
				B57D6BB014AA480300A4D201 /* Frameworks */,
				B57D6BAE14AA480300A4D201 /* Products */,
			);
			sourceTree = "<group>";
		};
		B57D6BAE14AA480300A4D201 /* Products */ = {
			isa = PBXGroup;
			children = (
				B57D6BAD14AA480300A4D201 /* DFN.app */,
			);
			name = Products;
			sourceTree = "<group>";
		};
		B57D6BB014AA480300A4D201 /* Frameworks */ = {
			isa = PBXGroup;
			children = (
				B57D6BB114AA480300A4D201 /* UIKit.framework */,
				B57D6BB314AA480300A4D201 /* Foundation.framework */,
				B57D6BB514AA480300A4D201 /* CoreGraphics.framework */,
				B57D6BB714AA480300A4D201 /* CoreData.framework */,
			);
			name = Frameworks;
			sourceTree = "<group>";
		};
		B57D6BB914AA480300A4D201 /* DFN */ = {
			isa = PBXGroup;
			children = (
				502C2ED114DB461900EB8E34 /* GUI */,
				502C2ED014DB461000EB8E34 /* RestAPI */,
				502C2ECE14DB460600EB8E34 /* Database Model */,
				B57D6BC214AA480300A4D201 /* DFNAppDelegate.h */,
				B57D6BC314AA480300A4D201 /* DFNAppDelegate.m */,
				B57D6BBA14AA480300A4D201 /* Supporting Files */,
			);
			path = DFN;
			sourceTree = "<group>";
		};
		B57D6BBA14AA480300A4D201 /* Supporting Files */ = {
			isa = PBXGroup;
			children = (
				B57D6BBB14AA480300A4D201 /* DFN-Info.plist */,
				B57D6BBC14AA480300A4D201 /* InfoPlist.strings */,
				B57D6BBF14AA480300A4D201 /* main.m */,
				B57D6BC114AA480300A4D201 /* DFN-Prefix.pch */,
			);
			name = "Supporting Files";
			sourceTree = "<group>";
		};
/* End PBXGroup section */

/* Begin PBXNativeTarget section */
		B57D6BAC14AA480300A4D201 /* DFN */ = {
			isa = PBXNativeTarget;
			buildConfigurationList = B57D6BCA14AA480300A4D201 /* Build configuration list for PBXNativeTarget "DFN" */;
			buildPhases = (
				B57D6BA914AA480300A4D201 /* Sources */,
				B57D6BAA14AA480300A4D201 /* Frameworks */,
				B57D6BAB14AA480300A4D201 /* Resources */,
			);
			buildRules = (
			);
			dependencies = (
			);
			name = DFN;
			productName = DFN;
			productReference = B57D6BAD14AA480300A4D201 /* DFN.app */;
			productType = "com.apple.product-type.application";
		};
/* End PBXNativeTarget section */

/* Begin PBXProject section */
		B57D6BA414AA480300A4D201 /* Project object */ = {
			isa = PBXProject;
			attributes = {
				LastUpgradeCheck = 0420;
				ORGANIZATIONNAME = "pawel.jankowski@me.com";
			};
			buildConfigurationList = B57D6BA714AA480300A4D201 /* Build configuration list for PBXProject "DFN" */;
			compatibilityVersion = "Xcode 3.2";
			developmentRegion = English;
			hasScannedForEncodings = 0;
			knownRegions = (
				en,
			);
			mainGroup = B57D6BA214AA480300A4D201;
			productRefGroup = B57D6BAE14AA480300A4D201 /* Products */;
			projectDirPath = "";
			projectRoot = "";
			targets = (
				B57D6BAC14AA480300A4D201 /* DFN */,
			);
		};
/* End PBXProject section */

/* Begin PBXResourcesBuildPhase section */
		B57D6BAB14AA480300A4D201 /* Resources */ = {
			isa = PBXResourcesBuildPhase;
			buildActionMask = 2147483647;
			files = (
				B57D6BBE14AA480300A4D201 /* InfoPlist.strings in Resources */,
				BF24518214DC586600DECB4F /* Storyboard.storyboard in Resources */,
			);
			runOnlyForDeploymentPostprocessing = 0;
		};
/* End PBXResourcesBuildPhase section */

/* Begin PBXSourcesBuildPhase section */
		B57D6BA914AA480300A4D201 /* Sources */ = {
			isa = PBXSourcesBuildPhase;
			buildActionMask = 2147483647;
			files = (
				B57D6BC014AA480300A4D201 /* main.m in Sources */,
				B57D6BC414AA480300A4D201 /* DFNAppDelegate.m in Sources */,
				502C2ED614DB465D00EB8E34 /* Model.xcdatamodeld in Sources */,
				50C7027A14DBEC62008C1D8F /* DatabaseManager.m in Sources */,
				50E103B914F07DCE001068FE /* Category.m in Sources */,
				50E103BC14F07DCE001068FE /* EventDate.m in Sources */,
				50E103BF14F07DCE001068FE /* EventForm.m in Sources */,
				50E103C214F07DCE001068FE /* Event.m in Sources */,
				50E103C514F07DCE001068FE /* Organisation.m in Sources */,
				50E103C814F07DCE001068FE /* Place.m in Sources */,
			);
			runOnlyForDeploymentPostprocessing = 0;
		};
/* End PBXSourcesBuildPhase section */

/* Begin PBXVariantGroup section */
		B57D6BBC14AA480300A4D201 /* InfoPlist.strings */ = {
			isa = PBXVariantGroup;
			children = (
				B57D6BBD14AA480300A4D201 /* en */,
			);
			name = InfoPlist.strings;
			sourceTree = "<group>";
		};
/* End PBXVariantGroup section */

/* Begin XCBuildConfiguration section */
		B57D6BC814AA480300A4D201 /* Debug */ = {
			isa = XCBuildConfiguration;
			buildSettings = {
				ALWAYS_SEARCH_USER_PATHS = NO;
				ARCHS = "$(ARCHS_STANDARD_32_BIT)";
				"CODE_SIGN_IDENTITY[sdk=iphoneos*]" = "iPhone Developer";
				COPY_PHASE_STRIP = NO;
				GCC_C_LANGUAGE_STANDARD = gnu99;
				GCC_DYNAMIC_NO_PIC = NO;
				GCC_OPTIMIZATION_LEVEL = 0;
				GCC_PREPROCESSOR_DEFINITIONS = (
					"DEBUG=1",
					"$(inherited)",
				);
				GCC_SYMBOLS_PRIVATE_EXTERN = NO;
				GCC_VERSION = com.apple.compilers.llvm.clang.1_0;
				GCC_WARN_ABOUT_MISSING_PROTOTYPES = YES;
				GCC_WARN_ABOUT_RETURN_TYPE = YES;
				GCC_WARN_UNUSED_VARIABLE = YES;
				IPHONEOS_DEPLOYMENT_TARGET = 5.0;
				SDKROOT = iphoneos;
			};
			name = Debug;
		};
		B57D6BC914AA480300A4D201 /* Release */ = {
			isa = XCBuildConfiguration;
			buildSettings = {
				ALWAYS_SEARCH_USER_PATHS = NO;
				ARCHS = "$(ARCHS_STANDARD_32_BIT)";
				"CODE_SIGN_IDENTITY[sdk=iphoneos*]" = "iPhone Developer";
				COPY_PHASE_STRIP = YES;
				GCC_C_LANGUAGE_STANDARD = gnu99;
				GCC_VERSION = com.apple.compilers.llvm.clang.1_0;
				GCC_WARN_ABOUT_MISSING_PROTOTYPES = YES;
				GCC_WARN_ABOUT_RETURN_TYPE = YES;
				GCC_WARN_UNUSED_VARIABLE = YES;
				IPHONEOS_DEPLOYMENT_TARGET = 5.0;
				OTHER_CFLAGS = "-DNS_BLOCK_ASSERTIONS=1";
				SDKROOT = iphoneos;
				VALIDATE_PRODUCT = YES;
			};
			name = Release;
		};
		B57D6BCB14AA480300A4D201 /* Debug */ = {
			isa = XCBuildConfiguration;
			buildSettings = {
				GCC_PRECOMPILE_PREFIX_HEADER = YES;
				GCC_PREFIX_HEADER = "DFN/DFN-Prefix.pch";
				INFOPLIST_FILE = "DFN/DFN-Info.plist";
				IPHONEOS_DEPLOYMENT_TARGET = 5.0;
				PRODUCT_NAME = "$(TARGET_NAME)";
				WRAPPER_EXTENSION = app;
			};
			name = Debug;
		};
		B57D6BCC14AA480300A4D201 /* Release */ = {
			isa = XCBuildConfiguration;
			buildSettings = {
				GCC_PRECOMPILE_PREFIX_HEADER = YES;
				GCC_PREFIX_HEADER = "DFN/DFN-Prefix.pch";
				INFOPLIST_FILE = "DFN/DFN-Info.plist";
				IPHONEOS_DEPLOYMENT_TARGET = 5.0;
				PRODUCT_NAME = "$(TARGET_NAME)";
				WRAPPER_EXTENSION = app;
			};
			name = Release;
		};
/* End XCBuildConfiguration section */

/* Begin XCConfigurationList section */
		B57D6BA714AA480300A4D201 /* Build configuration list for PBXProject "DFN" */ = {
			isa = XCConfigurationList;
			buildConfigurations = (
				B57D6BC814AA480300A4D201 /* Debug */,
				B57D6BC914AA480300A4D201 /* Release */,
			);
			defaultConfigurationIsVisible = 0;
			defaultConfigurationName = Release;
		};
		B57D6BCA14AA480300A4D201 /* Build configuration list for PBXNativeTarget "DFN" */ = {
			isa = XCConfigurationList;
			buildConfigurations = (
				B57D6BCB14AA480300A4D201 /* Debug */,
				B57D6BCC14AA480300A4D201 /* Release */,
			);
			defaultConfigurationIsVisible = 0;
			defaultConfigurationName = Release;
		};
/* End XCConfigurationList section */

/* Begin XCVersionGroup section */
		502C2ED414DB465D00EB8E34 /* Model.xcdatamodeld */ = {
			isa = XCVersionGroup;
			children = (
				502C2ED514DB465D00EB8E34 /* Model.xcdatamodel */,
			);
			currentVersion = 502C2ED514DB465D00EB8E34 /* Model.xcdatamodel */;
			path = Model.xcdatamodeld;
			sourceTree = "<group>";
			versionGroupType = wrapper.xcdatamodel;
		};
/* End XCVersionGroup section */
	};
	rootObject = B57D6BA414AA480300A4D201 /* Project object */;
}
